{
  "name": "trees",
  "version": "1.0.0",
  "lockfileVersion": 3,
  "requires": true,
  "packages": {
    "": {
      "name": "trees",
      "version": "1.0.0",
      "license": "ISC",
      "dependencies": {
        "@hexlet/immutable-fs-trees": "^0.7.1"
      },
      "devDependencies": {}
    },
    "node_modules/@hexlet/immutable-fs-trees": {
      "version": "0.7.1",
      "resolved": "https://registry.npmjs.org/@hexlet/immutable-fs-trees/-/immutable-fs-trees-0.7.1.tgz",
      "integrity": "sha512-+CZuc8bdAe4WvbfahK0blg7qUL4e/SEOQkJ3PPLtyVKZ/FTKiB5taHIE1u18FwsGthBxI9ochvURedlZ3WXARA=="
    }
  }
}
